{
  "name": "mindstate",
  "version": "1.0.0",
  "lockfileVersion": 1,
  "requires": true,
  "dependencies": {
    "dgram": {
      "version": "1.0.1",
      "resolved": "https://registry.npmjs.org/dgram/-/dgram-1.0.1.tgz",
      "integrity": "sha1-N/OyAPgDOl/3WTAwicgc42G2UcM="
    },
    "js-sha512": {
      "version": "0.7.1",
      "resolved": "https://registry.npmjs.org/js-sha512/-/js-sha512-0.7.1.tgz",
      "integrity": "sha512-Fsi2shyzoArLm9zDKgrybipn6lTTHgA4nSgXDXNAPh5VaS7Mo4RuzpXlDtxZPzZyBh/0/5uI28k7Wm60NNoQbA=="
    }
  }
}
